Microsoft Visual Studio Solution File, Format Version 12.00
# Visual Studio Version 17
VisualStudioVersion = 17.5.2.0
MinimumVisualStudioVersion = 10.0.40219.1
Project("{FAE04EC0-301F-11D3-BF4B-00C04F79EFBC}") = "TreatyXml", "TreatyXml.csproj", "{51A457E7-1A20-33B5-7F9C-BFBE0E1C906C}"
EndProject
Global
	GlobalSection(SolutionConfigurationPlatforms) = preSolution
		Debug|Any CPU = Debug|Any CPU
		Release|Any CPU = Release|Any CPU
	EndGlobalSection
	GlobalSection(ProjectConfigurationPlatforms) = postSolution
		{51A457E7-1A20-33B5-7F9C-BFBE0E1C906C}.Debug|Any CPU.ActiveCfg = Debug|Any CPU
		{51A457E7-1A20-33B5-7F9C-BFBE0E1C906C}.Debug|Any CPU.Build.0 = Debug|Any CPU
		{51A457E7-1A20-33B5-7F9C-BFBE0E1C906C}.Release|Any CPU.ActiveCfg = Release|Any CPU
		{51A457E7-1A20-33B5-7F9C-BFBE0E1C906C}.Release|Any CPU.Build.0 = Release|Any CPU
	EndGlobalSection
	GlobalSection(SolutionProperties) = preSolution
		HideSolutionNode = FALSE
	EndGlobalSection
	GlobalSection(ExtensibilityGlobals) = postSolution
		SolutionGuid = {1E614023-7C61-4970-8A86-C44B9DA4F3BF}
	EndGlobalSection
EndGlobal
